<?xml version="1.0" encoding="utf-8"?>
<Project ToolsVersion="4.0" xmlns="http://schemas.microsoft.com/developer/msbuild/2003">
  <ItemGroup>
    <Filter Include="Source Files">
      <UniqueIdentifier>{4FC737F1-C7A5-4376-A066-2A32D752A2FF}</UniqueIdentifier>
      <Extensions>cpp;c;cc;cxx;c++;cppm;ixx;def;odl;idl;hpj;bat;asm;asmx</Extensions>
    </Filter>
    <Filter Include="Resource Files">
      <UniqueIdentifier>{67DA6AB6-F800-4c08-8B7A-83BB121AAD01}</UniqueIdentifier>
      <Extensions>rc;ico;cur;bmp;dlg;rc2;rct;bin;rgs;gif;jpg;jpeg;jpe;resx;tiff;tif;png;wav;mfcribbon-ms</Extensions>
    </Filter>
    <Filter Include="Shaders">
      <UniqueIdentifier>{ae390e63-b0a7-4371-8649-56453f8ffee5}</UniqueIdentifier>
    </Filter>
    <Filter Include="Engine">
      <UniqueIdentifier>{c284ec57-2f16-4d9f-a554-197c4132d851}</UniqueIdentifier>
    </Filter>
    <Filter Include="Engine\Utils">
      <UniqueIdentifier>{be5b5c07-de50-4f23-b469-851d43a78213}</UniqueIdentifier>
    </Filter>
  </ItemGroup>
  <ItemGroup>
    <ClCompile Include="main.cpp">
      <Filter>Source Files</Filter>
    </ClCompile>
    <ClCompile Include="Transform.cpp">
      <Filter>Engine</Filter>
    </ClCompile>
    <ClCompile Include="Entity.cpp">
      <Filter>Engine</Filter>
    </ClCompile>
    <ClCompile Include="QuadRenderer.cpp">
      <Filter>Engine</Filter>
    </ClCompile>
    <ClCompile Include="Material.cpp">
      <Filter>Engine</Filter>
    </ClCompile>
    <ClCompile Include="Mesh.cpp">
      <Filter>Engine</Filter>
    </ClCompile>
    <ClCompile Include="Shader.cpp">
      <Filter>Engine</Filter>
    </ClCompile>
    <ClCompile Include="Camera.cpp">
      <Filter>Engine</Filter>
    </ClCompile>
    <ClCompile Include="GameEntity.cpp">
      <Filter>Engine</Filter>
    </ClCompile>
    <ClCompile Include="stb_image.cpp">
      <Filter>Engine</Filter>
    </ClCompile>
    <ClCompile Include="stb_image.h">
      <Filter>Engine</Filter>
    </ClCompile>
    <ClCompile Include="Texture.cpp">
      <Filter>Engine</Filter>
    </ClCompile>
    <ClCompile Include="Scene.cpp">
      <Filter>Engine</Filter>
    </ClCompile>
    <ClCompile Include="Renderer.cpp">
      <Filter>Source Files</Filter>
    </ClCompile>
    <ClCompile Include="Game\Player.cpp">
      <Filter>Source Files</Filter>
    </ClCompile>
    <ClCompile Include="EntityBehaviour.cpp">
      <Filter>Source Files</Filter>
    </ClCompile>
    <ClCompile Include="SpriteAnimation.cpp">
      <Filter>Source Files</Filter>
    </ClCompile>
    <ClCompile Include="SpriteAtlast.cpp">
      <Filter>Source Files</Filter>
    </ClCompile>
    <ClCompile Include="Input.cpp">
      <Filter>Engine</Filter>
    </ClCompile>
    <ClCompile Include="Game\Enemy.cpp">
      <Filter>Source Files</Filter>
    </ClCompile>
    <ClCompile Include="AABB.cpp">
      <Filter>Source Files</Filter>
    </ClCompile>
    <ClCompile Include="Game\Projectile.cpp">
      <Filter>Source Files</Filter>
    </ClCompile>
    <ClCompile Include="GameHelper.cpp">
      <Filter>Engine\Utils</Filter>
    </ClCompile>
    <ClCompile Include="Game\GameManager.cpp">
      <Filter>Source Files</Filter>
    </ClCompile>
    <ClCompile Include="Game\Spawner.cpp">
      <Filter>Source Files</Filter>
    </ClCompile>
    <ClCompile Include="Game\Background.cpp">
      <Filter>Source Files</Filter>
    </ClCompile>
  </ItemGroup>
  <ItemGroup>
    <ClInclude Include="Transform.h">
      <Filter>Engine</Filter>
    </ClInclude>
    <ClInclude Include="Entity.h">
      <Filter>Engine</Filter>
    </ClInclude>
    <ClInclude Include="QuadRenderer.h">
      <Filter>Engine</Filter>
    </ClInclude>
    <ClInclude Include="Material.h">
      <Filter>Engine</Filter>
    </ClInclude>
    <ClInclude Include="Mesh.h">
      <Filter>Engine</Filter>
    </ClInclude>
    <ClInclude Include="Shader.h">
      <Filter>Engine</Filter>
    </ClInclude>
    <ClInclude Include="Utils.h">
      <Filter>Engine\Utils</Filter>
    </ClInclude>
    <ClInclude Include="Camera.h">
      <Filter>Engine</Filter>
    </ClInclude>
    <ClInclude Include="Component.h">
      <Filter>Engine</Filter>
    </ClInclude>
    <ClInclude Include="GameEntity.h">
      <Filter>Engine</Filter>
    </ClInclude>
    <ClInclude Include="Texture.h">
      <Filter>Engine</Filter>
    </ClInclude>
    <ClInclude Include="Scene.h">
      <Filter>Engine</Filter>
    </ClInclude>
    <ClInclude Include="EntityBehaviour.h">
      <Filter>Engine</Filter>
    </ClInclude>
    <ClInclude Include="Renderer.h" />
    <ClInclude Include="Game\Player.h" />
    <ClInclude Include="SpriteAnimation.h" />
    <ClInclude Include="SpriteAtlast.h" />
    <ClInclude Include="Input.h">
      <Filter>Engine</Filter>
    </ClInclude>
    <ClInclude Include="Game\Enemy.h" />
    <ClInclude Include="AABB.h" />
    <ClInclude Include="Game\Projectile.h" />
    <ClInclude Include="GameHelper.h">
      <Filter>Engine\Utils</Filter>
    </ClInclude>
    <ClInclude Include="ShadersHelper.h">
      <Filter>Engine\Utils</Filter>
    </ClInclude>
    <ClInclude Include="Game\GameManager.h" />
    <ClInclude Include="Game\Spawner.h" />
    <ClInclude Include="Game\Background.h" />
  </ItemGroup>
</Project>